// !$*UTF8*$!
{
	archiveVersion = 1;
	classes = {
	};
	objectVersion = 77;
	objects = {

/* Begin PBXBuildFile section */
		9DC62EF82F717081006535B1 /* MCPSafari Extension.appex in Embed Foundation Extensions */ = {isa = PBXBuildFile; fileRef = 9DC62EF72F717081006535B1 /* MCPSafari Extension.appex */; settings = {ATTRIBUTES = (RemoveHeadersOnCopy, ); }; };
/* End PBXBuildFile section */

/* Begin PBXContainerItemProxy section */
		9DC62EE22F717081006535B1 /* PBXContainerItemProxy */ = {
			isa = PBXContainerItemProxy;
			containerPortal = 9DC62EBF2F717081006535B1 /* Project object */;
			proxyType = 1;
			remoteGlobalIDString = 9DC62EC62F717081006535B1;
			remoteInfo = "MCPSafari";
		};
		9DC62EEC2F717081006535B1 /* PBXContainerItemProxy */ = {
			isa = PBXContainerItemProxy;
			containerPortal = 9DC62EBF2F717081006535B1 /* Project object */;
			proxyType = 1;
			remoteGlobalIDString = 9DC62EC62F717081006535B1;
			remoteInfo = "MCPSafari";
		};
		9DC62EF92F717081006535B1 /* PBXContainerItemProxy */ = {
			isa = PBXContainerItemProxy;
			containerPortal = 9DC62EBF2F717081006535B1 /* Project object */;
			proxyType = 1;
			remoteGlobalIDString = 9DC62EF62F717081006535B1;
			remoteInfo = "MCPSafari Extension";
		};
/* End PBXContainerItemProxy section */

/* Begin PBXCopyFilesBuildPhase section */
		9DC62F162F717081006535B1 /* Embed Foundation Extensions */ = {
			isa = PBXCopyFilesBuildPhase;
			buildActionMask = 2147483647;
			dstPath = "";
			dstSubfolderSpec = 13;
			files = (
				9DC62EF82F717081006535B1 /* MCPSafari Extension.appex in Embed Foundation Extensions */,
			);
			name = "Embed Foundation Extensions";
			runOnlyForDeploymentPostprocessing = 0;
		};
/* End PBXCopyFilesBuildPhase section */

/* Begin PBXFileReference section */
		9DC62EC72F717081006535B1 /* MCPSafari.app */ = {isa = PBXFileReference; explicitFileType = wrapper.application; includeInIndex = 0; path = "MCPSafari.app"; sourceTree = BUILT_PRODUCTS_DIR; };
		9DC62EE12F717081006535B1 /* MCPSafariTests.xctest */ = {isa = PBXFileReference; explicitFileType = wrapper.cfbundle; includeInIndex = 0; path = "MCPSafariTests.xctest"; sourceTree = BUILT_PRODUCTS_DIR; };
		9DC62EEB2F717081006535B1 /* MCPSafariUITests.xctest */ = {isa = PBXFileReference; explicitFileType = wrapper.cfbundle; includeInIndex = 0; path = "MCPSafariUITests.xctest"; sourceTree = BUILT_PRODUCTS_DIR; };
		9DC62EF72F717081006535B1 /* MCPSafari Extension.appex */ = {isa = PBXFileReference; explicitFileType = "wrapper.app-extension"; includeInIndex = 0; path = "MCPSafari Extension.appex"; sourceTree = BUILT_PRODUCTS_DIR; };
/* End PBXFileReference section */

/* Begin PBXFileSystemSynchronizedBuildFileExceptionSet section */
		9DC62F102F717081006535B1 /* Exceptions for "MCPSafari Extension" folder in "MCPSafari Extension" target */ = {
			isa = PBXFileSystemSynchronizedBuildFileExceptionSet;
			membershipExceptions = (
				Info.plist,
			);
			target = 9DC62EF62F717081006535B1 /* MCPSafari Extension */;
		};
/* End PBXFileSystemSynchronizedBuildFileExceptionSet section */

/* Begin PBXFileSystemSynchronizedRootGroup section */
		9DC62EC92F717081006535B1 /* MCPSafari */ = {
			isa = PBXFileSystemSynchronizedRootGroup;
			path = "MCPSafari";
			sourceTree = "<group>";
		};
		9DC62EE42F717081006535B1 /* MCPSafariTests */ = {
			isa = PBXFileSystemSynchronizedRootGroup;
			path = "MCPSafariTests";
			sourceTree = "<group>";
		};
		9DC62EEE2F717081006535B1 /* MCPSafariUITests */ = {
			isa = PBXFileSystemSynchronizedRootGroup;
			path = "MCPSafariUITests";
			sourceTree = "<group>";
		};
		9DC62EFB2F717081006535B1 /* MCPSafari Extension */ = {
			isa = PBXFileSystemSynchronizedRootGroup;
			exceptions = (
				9DC62F102F717081006535B1 /* Exceptions for "MCPSafari Extension" folder in "MCPSafari Extension" target */,
			);
			explicitFolders = (
				Resources/_locales,
				Resources/images,
			);
			path = "MCPSafari Extension";
			sourceTree = "<group>";
		};
/* End PBXFileSystemSynchronizedRootGroup section */

/* Begin PBXFrameworksBuildPhase section */
		9DC62EC42F717081006535B1 /* Frameworks */ = {
			isa = PBXFrameworksBuildPhase;
			buildActionMask = 2147483647;
			files = (
			);
			runOnlyForDeploymentPostprocessing = 0;
		};
		9DC62EDE2F717081006535B1 /* Frameworks */ = {
			isa = PBXFrameworksBuildPhase;
			buildActionMask = 2147483647;
			files = (
			);
			runOnlyForDeploymentPostprocessing = 0;
		};
		9DC62EE82F717081006535B1 /* Frameworks */ = {
			isa = PBXFrameworksBuildPhase;
			buildActionMask = 2147483647;
			files = (
			);
			runOnlyForDeploymentPostprocessing = 0;
		};
		9DC62EF42F717081006535B1 /* Frameworks */ = {
			isa = PBXFrameworksBuildPhase;
			buildActionMask = 2147483647;
			files = (
			);
			runOnlyForDeploymentPostprocessing = 0;
		};
/* End PBXFrameworksBuildPhase section */

/* Begin PBXGroup section */
		9DC62EBE2F717081006535B1 = {
			isa = PBXGroup;
			children = (
				9DC62EC92F717081006535B1 /* MCPSafari */,
				9DC62EE42F717081006535B1 /* MCPSafariTests */,
				9DC62EEE2F717081006535B1 /* MCPSafariUITests */,
				9DC62EFB2F717081006535B1 /* MCPSafari Extension */,
				9DC62EC82F717081006535B1 /* Products */,
			);
			sourceTree = "<group>";
		};
		9DC62EC82F717081006535B1 /* Products */ = {
			isa = PBXGroup;
			children = (
				9DC62EC72F717081006535B1 /* MCPSafari.app */,
				9DC62EE12F717081006535B1 /* MCPSafariTests.xctest */,
				9DC62EEB2F717081006535B1 /* MCPSafariUITests.xctest */,
				9DC62EF72F717081006535B1 /* MCPSafari Extension.appex */,
			);
			name = Products;
			sourceTree = "<group>";
		};
/* End PBXGroup section */

/* Begin PBXNativeTarget section */
		9DC62EC62F717081006535B1 /* MCPSafari */ = {
			isa = PBXNativeTarget;
			buildConfigurationList = 9DC62F172F717081006535B1 /* Build configuration list for PBXNativeTarget "MCPSafari" */;
			buildPhases = (
				9DC62EC32F717081006535B1 /* Sources */,
				9DC62EC42F717081006535B1 /* Frameworks */,
				9DC62EC52F717081006535B1 /* Resources */,
				4D53A1E02F90000000000002 /* Bundle extension scripts */,
				9DC62F162F717081006535B1 /* Embed Foundation Extensions */,
			);
			buildRules = (
			);
			dependencies = (
				9DC62EFA2F717081006535B1 /* PBXTargetDependency */,
			);
			fileSystemSynchronizedGroups = (
				9DC62EC92F717081006535B1 /* MCPSafari */,
			);
			name = "MCPSafari";
			packageProductDependencies = (
			);
			productName = "MCPSafari";
			productReference = 9DC62EC72F717081006535B1 /* MCPSafari.app */;
			productType = "com.apple.product-type.application";
		};
		9DC62EE02F717081006535B1 /* MCPSafariTests */ = {
			isa = PBXNativeTarget;
			buildConfigurationList = 9DC62F1A2F717081006535B1 /* Build configuration list for PBXNativeTarget "MCPSafariTests" */;
			buildPhases = (
				9DC62EDD2F717081006535B1 /* Sources */,
				9DC62EDE2F717081006535B1 /* Frameworks */,
				9DC62EDF2F717081006535B1 /* Resources */,
			);
			buildRules = (
			);
			dependencies = (
				9DC62EE32F717081006535B1 /* PBXTargetDependency */,
			);
			fileSystemSynchronizedGroups = (
				9DC62EE42F717081006535B1 /* MCPSafariTests */,
			);
			name = "MCPSafariTests";
			packageProductDependencies = (
			);
			productName = "MCPSafariTests";
			productReference = 9DC62EE12F717081006535B1 /* MCPSafariTests.xctest */;
			productType = "com.apple.product-type.bundle.unit-test";
		};
		9DC62EEA2F717081006535B1 /* MCPSafariUITests */ = {
			isa = PBXNativeTarget;
			buildConfigurationList = 9DC62F1D2F717081006535B1 /* Build configuration list for PBXNativeTarget "MCPSafariUITests" */;
			buildPhases = (
				9DC62EE72F717081006535B1 /* Sources */,
				9DC62EE82F717081006535B1 /* Frameworks */,
				9DC62EE92F717081006535B1 /* Resources */,
			);
			buildRules = (
			);
			dependencies = (
				9DC62EED2F717081006535B1 /* PBXTargetDependency */,
			);
			fileSystemSynchronizedGroups = (
				9DC62EEE2F717081006535B1 /* MCPSafariUITests */,
			);
			name = "MCPSafariUITests";
			packageProductDependencies = (
			);
			productName = "MCPSafariUITests";
			productReference = 9DC62EEB2F717081006535B1 /* MCPSafariUITests.xctest */;
			productType = "com.apple.product-type.bundle.ui-testing";
		};
		9DC62EF62F717081006535B1 /* MCPSafari Extension */ = {
			isa = PBXNativeTarget;
			buildConfigurationList = 9DC62F112F717081006535B1 /* Build configuration list for PBXNativeTarget "MCPSafari Extension" */;
			buildPhases = (
				9DC62EF32F717081006535B1 /* Sources */,
				9DC62EF42F717081006535B1 /* Frameworks */,
				9DC62EF52F717081006535B1 /* Resources */,
				4D53A1E02F90000000000001 /* Bundle extension scripts */,
			);
			buildRules = (
			);
			dependencies = (
			);
			fileSystemSynchronizedGroups = (
				9DC62EFB2F717081006535B1 /* MCPSafari Extension */,
			);
			name = "MCPSafari Extension";
			packageProductDependencies = (
			);
			productName = "MCPSafari Extension";
			productReference = 9DC62EF72F717081006535B1 /* MCPSafari Extension.appex */;
			productType = "com.apple.product-type.app-extension";
		};
/* End PBXNativeTarget section */

/* Begin PBXProject section */
		9DC62EBF2F717081006535B1 /* Project object */ = {
			isa = PBXProject;
			attributes = {
				BuildIndependentTargetsInParallel = 1;
				LastSwiftUpdateCheck = 2630;
				LastUpgradeCheck = 2630;
				TargetAttributes = {
					9DC62EC62F717081006535B1 = {
						CreatedOnToolsVersion = 26.3;
					};
					9DC62EE02F717081006535B1 = {
						CreatedOnToolsVersion = 26.3;
						TestTargetID = 9DC62EC62F717081006535B1;
					};
					9DC62EEA2F717081006535B1 = {
						CreatedOnToolsVersion = 26.3;
						TestTargetID = 9DC62EC62F717081006535B1;
					};
					9DC62EF62F717081006535B1 = {
						CreatedOnToolsVersion = 26.3;
					};
				};
			};
			buildConfigurationList = 9DC62EC22F717081006535B1 /* Build configuration list for PBXProject "MCPSafari" */;
			developmentRegion = en;
			hasScannedForEncodings = 0;
			knownRegions = (
				en,
				Base,
			);
			mainGroup = 9DC62EBE2F717081006535B1;
			minimizedProjectReferenceProxies = 1;
			preferredProjectObjectVersion = 77;
			productRefGroup = 9DC62EC82F717081006535B1 /* Products */;
			projectDirPath = "";
			projectRoot = "";
			targets = (
				9DC62EC62F717081006535B1 /* MCPSafari */,
				9DC62EE02F717081006535B1 /* MCPSafariTests */,
				9DC62EEA2F717081006535B1 /* MCPSafariUITests */,
				9DC62EF62F717081006535B1 /* MCPSafari Extension */,
			);
		};
/* End PBXProject section */

/* Begin PBXResourcesBuildPhase section */
		9DC62EC52F717081006535B1 /* Resources */ = {
			isa = PBXResourcesBuildPhase;
			buildActionMask = 2147483647;
			files = (
			);
			runOnlyForDeploymentPostprocessing = 0;
		};
		9DC62EDF2F717081006535B1 /* Resources */ = {
			isa = PBXResourcesBuildPhase;
			buildActionMask = 2147483647;
			files = (
			);
			runOnlyForDeploymentPostprocessing = 0;
		};
		9DC62EE92F717081006535B1 /* Resources */ = {
			isa = PBXResourcesBuildPhase;
			buildActionMask = 2147483647;
			files = (
			);
			runOnlyForDeploymentPostprocessing = 0;
		};
		9DC62EF52F717081006535B1 /* Resources */ = {
			isa = PBXResourcesBuildPhase;
			buildActionMask = 2147483647;
			files = (
			);
			runOnlyForDeploymentPostprocessing = 0;
		};
/* End PBXResourcesBuildPhase section */

/* Begin PBXSourcesBuildPhase section */
		9DC62EC32F717081006535B1 /* Sources */ = {
			isa = PBXSourcesBuildPhase;
			buildActionMask = 2147483647;
			files = (
			);
			runOnlyForDeploymentPostprocessing = 0;
		};
		9DC62EDD2F717081006535B1 /* Sources */ = {
			isa = PBXSourcesBuildPhase;
			buildActionMask = 2147483647;
			files = (
			);
			runOnlyForDeploymentPostprocessing = 0;
		};
		9DC62EE72F717081006535B1 /* Sources */ = {
			isa = PBXSourcesBuildPhase;
			buildActionMask = 2147483647;
			files = (
			);
			runOnlyForDeploymentPostprocessing = 0;
		};
		9DC62EF32F717081006535B1 /* Sources */ = {
			isa = PBXSourcesBuildPhase;
			buildActionMask = 2147483647;
			files = (
			);
			runOnlyForDeploymentPostprocessing = 0;
		};
/* End PBXSourcesBuildPhase section */

/* Begin PBXShellScriptBuildPhase section */
		4D53A1E02F90000000000001 /* Bundle extension scripts */ = {
			isa = PBXShellScriptBuildPhase;
			alwaysOutOfDate = 1;
			buildActionMask = 2147483647;
			files = (
			);
			inputFileListPaths = (
			);
			inputPaths = (
			);
			name = "Bundle extension scripts";
			outputFileListPaths = (
			);
			outputPaths = (
			);
			runOnlyForDeploymentPostprocessing = 0;
			shellPath = /bin/sh;
			shellScript = "\"$SRCROOT/../extension/scripts/xcode-bundle.sh\" extension\n";
			showEnvVarsInLog = 0;
		};
		4D53A1E02F90000000000002 /* Bundle extension scripts */ = {
			isa = PBXShellScriptBuildPhase;
			alwaysOutOfDate = 1;
			buildActionMask = 2147483647;
			files = (
			);
			inputFileListPaths = (
			);
			inputPaths = (
			);
			name = "Bundle extension scripts";
			outputFileListPaths = (
			);
			outputPaths = (
			);
			runOnlyForDeploymentPostprocessing = 0;
			shellPath = /bin/sh;
			shellScript = "\"$SRCROOT/../extension/scripts/xcode-bundle.sh\" app\n";
			showEnvVarsInLog = 0;
		};
/* End PBXShellScriptBuildPhase section */

/* Begin PBXTargetDependency section */
		9DC62EE32F717081006535B1 /* PBXTargetDependency */ = {
			isa = PBXTargetDependency;
			target = 9DC62EC62F717081006535B1 /* MCPSafari */;
			targetProxy = 9DC62EE22F717081006535B1 /* PBXContainerItemProxy */;
		};
		9DC62EED2F717081006535B1 /* PBXTargetDependency */ = {
			isa = PBXTargetDependency;
			target = 9DC62EC62F717081006535B1 /* MCPSafari */;
			targetProxy = 9DC62EEC2F717081006535B1 /* PBXContainerItemProxy */;
		};
		9DC62EFA2F717081006535B1 /* PBXTargetDependency */ = {
			isa = PBXTargetDependency;
			target = 9DC62EF62F717081006535B1 /* MCPSafari Extension */;
			targetProxy = 9DC62EF92F717081006535B1 /* PBXContainerItemProxy */;
		};
/* End PBXTargetDependency section */

/* Begin XCBuildConfiguration section */
		9DC62F122F717081006535B1 /* Debug */ = {
			isa = XCBuildConfiguration;
			buildSettings = {
				ENABLE_USER_SCRIPT_SANDBOXING = NO;
				CODE_SIGN_ENTITLEMENTS = "MCPSafari Extension/MCPSafari Extension.entitlements";
				CODE_SIGN_STYLE = Automatic;
				CURRENT_PROJECT_VERSION = 31;
				DEVELOPMENT_TEAM = 3G4T4PCPZJ;
				ENABLE_APP_SANDBOX = YES;
				ENABLE_HARDENED_RUNTIME = YES;
				ENABLE_USER_SELECTED_FILES = readonly;
				GENERATE_INFOPLIST_FILE = YES;
				INFOPLIST_FILE = "MCPSafari Extension/Info.plist";
				INFOPLIST_KEY_CFBundleDisplayName = "MCPSafari Extension";
				INFOPLIST_KEY_NSHumanReadableCopyright = "";
				LD_RUNPATH_SEARCH_PATHS = (
					"$(inherited)",
					"@executable_path/../Frameworks",
					"@executable_path/../../../../Frameworks",
				);
				MACOSX_DEPLOYMENT_TARGET = 14.0;
				MARKETING_VERSION = 0.3.2;
				OTHER_LDFLAGS = (
					"-framework",
					SafariServices,
				);
				PRODUCT_BUNDLE_IDENTIFIER = "com.epistates.MCPSafari.Extension";
				PRODUCT_NAME = "$(TARGET_NAME)";
				SKIP_INSTALL = YES;
				STRING_CATALOG_GENERATE_SYMBOLS = YES;
				SWIFT_APPROACHABLE_CONCURRENCY = YES;
				SWIFT_EMIT_LOC_STRINGS = YES;
				SWIFT_UPCOMING_FEATURE_MEMBER_IMPORT_VISIBILITY = YES;
				SWIFT_VERSION = 6.0;
			};
			name = Debug;
		};
		9DC62F132F717081006535B1 /* Release */ = {
			isa = XCBuildConfiguration;
			buildSettings = {
				ENABLE_USER_SCRIPT_SANDBOXING = NO;
				CODE_SIGN_ENTITLEMENTS = "MCPSafari Extension/MCPSafari Extension.entitlements";
				CODE_SIGN_STYLE = Automatic;
				CURRENT_PROJECT_VERSION = 31;
				DEVELOPMENT_TEAM = 3G4T4PCPZJ;
				ENABLE_APP_SANDBOX = YES;
				ENABLE_HARDENED_RUNTIME = YES;
				ENABLE_USER_SELECTED_FILES = readonly;
				GENERATE_INFOPLIST_FILE = YES;
				INFOPLIST_FILE = "MCPSafari Extension/Info.plist";
				INFOPLIST_KEY_CFBundleDisplayName = "MCPSafari Extension";
				INFOPLIST_KEY_NSHumanReadableCopyright = "";
				LD_RUNPATH_SEARCH_PATHS = (
					"$(inherited)",
					"@executable_path/../Frameworks",
					"@executable_path/../../../../Frameworks",
				);
				MACOSX_DEPLOYMENT_TARGET = 14.0;
				MARKETING_VERSION = 0.3.2;
				OTHER_LDFLAGS = (
					"-framework",
					SafariServices,
				);
				PRODUCT_BUNDLE_IDENTIFIER = "com.epistates.MCPSafari.Extension";
				PRODUCT_NAME = "$(TARGET_NAME)";
				SKIP_INSTALL = YES;
				STRING_CATALOG_GENERATE_SYMBOLS = YES;
				SWIFT_APPROACHABLE_CONCURRENCY = YES;
				SWIFT_EMIT_LOC_STRINGS = YES;
				SWIFT_UPCOMING_FEATURE_MEMBER_IMPORT_VISIBILITY = YES;
				SWIFT_VERSION = 6.0;
			};
			name = Release;
		};
		9DC62F142F717081006535B1 /* Debug */ = {
			isa = XCBuildConfiguration;
			buildSettings = {
				ALWAYS_SEARCH_USER_PATHS = NO;
				ASSETCATALOG_COMPILER_GENERATE_SWIFT_ASSET_SYMBOL_EXTENSIONS = YES;
				CLANG_ANALYZER_NONNULL = YES;
				CLANG_ANALYZER_NUMBER_OBJECT_CONVERSION = YES_AGGRESSIVE;
				CLANG_CXX_LANGUAGE_STANDARD = "gnu++20";
				CLANG_ENABLE_MODULES = YES;
				CLANG_ENABLE_OBJC_ARC = YES;
				CLANG_ENABLE_OBJC_WEAK = YES;
				CLANG_WARN_BLOCK_CAPTURE_AUTORELEASING = YES;
				CLANG_WARN_BOOL_CONVERSION = YES;
				CLANG_WARN_COMMA = YES;
				CLANG_WARN_CONSTANT_CONVERSION = YES;
				CLANG_WARN_DEPRECATED_OBJC_IMPLEMENTATIONS = YES;
				CLANG_WARN_DIRECT_OBJC_ISA_USAGE = YES_ERROR;
				CLANG_WARN_DOCUMENTATION_COMMENTS = YES;
				CLANG_WARN_EMPTY_BODY = YES;
				CLANG_WARN_ENUM_CONVERSION = YES;
				CLANG_WARN_INFINITE_RECURSION = YES;
				CLANG_WARN_INT_CONVERSION = YES;
				CLANG_WARN_NON_LITERAL_NULL_CONVERSION = YES;
				CLANG_WARN_OBJC_IMPLICIT_RETAIN_SELF = YES;
				CLANG_WARN_OBJC_LITERAL_CONVERSION = YES;
				CLANG_WARN_OBJC_ROOT_CLASS = YES_ERROR;
				CLANG_WARN_QUOTED_INCLUDE_IN_FRAMEWORK_HEADER = YES;
				CLANG_WARN_RANGE_LOOP_ANALYSIS = YES;
				CLANG_WARN_STRICT_PROTOTYPES = YES;
				CLANG_WARN_SUSPICIOUS_MOVE = YES;
				CLANG_WARN_UNGUARDED_AVAILABILITY = YES_AGGRESSIVE;
				CLANG_WARN_UNREACHABLE_CODE = YES;
				CLANG_WARN__DUPLICATE_METHOD_MATCH = YES;
				COPY_PHASE_STRIP = NO;
				DEBUG_INFORMATION_FORMAT = dwarf;
				DEVELOPMENT_TEAM = 3G4T4PCPZJ;
				ENABLE_STRICT_OBJC_MSGSEND = YES;
				ENABLE_TESTABILITY = YES;
				ENABLE_USER_SCRIPT_SANDBOXING = YES;
				GCC_C_LANGUAGE_STANDARD = gnu17;
				GCC_DYNAMIC_NO_PIC = NO;
				GCC_NO_COMMON_BLOCKS = YES;
				GCC_OPTIMIZATION_LEVEL = 0;
				GCC_PREPROCESSOR_DEFINITIONS = (
					"DEBUG=1",
					"$(inherited)",
				);
				GCC_WARN_64_TO_32_BIT_CONVERSION = YES;
				GCC_WARN_ABOUT_RETURN_TYPE = YES_ERROR;
				GCC_WARN_UNDECLARED_SELECTOR = YES;
				GCC_WARN_UNINITIALIZED_AUTOS = YES_AGGRESSIVE;
				GCC_WARN_UNUSED_FUNCTION = YES;
				GCC_WARN_UNUSED_VARIABLE = YES;
				LOCALIZATION_PREFERS_STRING_CATALOGS = YES;
				MACOSX_DEPLOYMENT_TARGET = 14.0;
				MTL_ENABLE_DEBUG_INFO = INCLUDE_SOURCE;
				MTL_FAST_MATH = YES;
				ONLY_ACTIVE_ARCH = YES;
				SDKROOT = macosx;
				SWIFT_ACTIVE_COMPILATION_CONDITIONS = "DEBUG $(inherited)";
				SWIFT_OPTIMIZATION_LEVEL = "-Onone";
			};
			name = Debug;
		};
		9DC62F152F717081006535B1 /* Release */ = {
			isa = XCBuildConfiguration;
			buildSettings = {
				ALWAYS_SEARCH_USER_PATHS = NO;
				ASSETCATALOG_COMPILER_GENERATE_SWIFT_ASSET_SYMBOL_EXTENSIONS = YES;
				CLANG_ANALYZER_NONNULL = YES;
				CLANG_ANALYZER_NUMBER_OBJECT_CONVERSION = YES_AGGRESSIVE;
				CLANG_CXX_LANGUAGE_STANDARD = "gnu++20";
				CLANG_ENABLE_MODULES = YES;
				CLANG_ENABLE_OBJC_ARC = YES;
				CLANG_ENABLE_OBJC_WEAK = YES;
				CLANG_WARN_BLOCK_CAPTURE_AUTORELEASING = YES;
				CLANG_WARN_BOOL_CONVERSION = YES;
				CLANG_WARN_COMMA = YES;
				CLANG_WARN_CONSTANT_CONVERSION = YES;
				CLANG_WARN_DEPRECATED_OBJC_IMPLEMENTATIONS = YES;
				CLANG_WARN_DIRECT_OBJC_ISA_USAGE = YES_ERROR;
				CLANG_WARN_DOCUMENTATION_COMMENTS = YES;
				CLANG_WARN_EMPTY_BODY = YES;
				CLANG_WARN_ENUM_CONVERSION = YES;
				CLANG_WARN_INFINITE_RECURSION = YES;
				CLANG_WARN_INT_CONVERSION = YES;
				CLANG_WARN_NON_LITERAL_NULL_CONVERSION = YES;
				CLANG_WARN_OBJC_IMPLICIT_RETAIN_SELF = YES;
				CLANG_WARN_OBJC_LITERAL_CONVERSION = YES;
				CLANG_WARN_OBJC_ROOT_CLASS = YES_ERROR;
				CLANG_WARN_QUOTED_INCLUDE_IN_FRAMEWORK_HEADER = YES;
				CLANG_WARN_RANGE_LOOP_ANALYSIS = YES;
				CLANG_WARN_STRICT_PROTOTYPES = YES;
				CLANG_WARN_SUSPICIOUS_MOVE = YES;
				CLANG_WARN_UNGUARDED_AVAILABILITY = YES_AGGRESSIVE;
				CLANG_WARN_UNREACHABLE_CODE = YES;
				CLANG_WARN__DUPLICATE_METHOD_MATCH = YES;
				COPY_PHASE_STRIP = NO;
				DEBUG_INFORMATION_FORMAT = "dwarf-with-dsym";
				DEVELOPMENT_TEAM = 3G4T4PCPZJ;
				ENABLE_NS_ASSERTIONS = NO;
				ENABLE_STRICT_OBJC_MSGSEND = YES;
				ENABLE_USER_SCRIPT_SANDBOXING = YES;
				GCC_C_LANGUAGE_STANDARD = gnu17;
				GCC_NO_COMMON_BLOCKS = YES;
				GCC_WARN_64_TO_32_BIT_CONVERSION = YES;
				GCC_WARN_ABOUT_RETURN_TYPE = YES_ERROR;
				GCC_WARN_UNDECLARED_SELECTOR = YES;
				GCC_WARN_UNINITIALIZED_AUTOS = YES_AGGRESSIVE;
				GCC_WARN_UNUSED_FUNCTION = YES;
				GCC_WARN_UNUSED_VARIABLE = YES;
				LOCALIZATION_PREFERS_STRING_CATALOGS = YES;
				MACOSX_DEPLOYMENT_TARGET = 14.0;
				MTL_ENABLE_DEBUG_INFO = NO;
				MTL_FAST_MATH = YES;
				SDKROOT = macosx;
				SWIFT_COMPILATION_MODE = wholemodule;
			};
			name = Release;
		};
		9DC62F182F717081006535B1 /* Debug */ = {
			isa = XCBuildConfiguration;
			buildSettings = {
				ENABLE_USER_SCRIPT_SANDBOXING = NO;
				ASSETCATALOG_COMPILER_APPICON_NAME = AppIcon;
				ASSETCATALOG_COMPILER_GLOBAL_ACCENT_COLOR_NAME = AccentColor;
				CODE_SIGN_STYLE = Automatic;
				COMBINE_HIDPI_IMAGES = YES;
				CURRENT_PROJECT_VERSION = 31;
				DEVELOPMENT_TEAM = 3G4T4PCPZJ;
				ENABLE_APP_SANDBOX = YES;
				ENABLE_HARDENED_RUNTIME = YES;
				ENABLE_OUTGOING_NETWORK_CONNECTIONS = YES;
				ENABLE_USER_SELECTED_FILES = readonly;
				GENERATE_INFOPLIST_FILE = YES;
				INFOPLIST_KEY_CFBundleDisplayName = "MCPSafari";
				INFOPLIST_KEY_NSHumanReadableCopyright = "";
				INFOPLIST_KEY_NSMainStoryboardFile = Main;
				INFOPLIST_KEY_NSPrincipalClass = NSApplication;
				LD_RUNPATH_SEARCH_PATHS = (
					"$(inherited)",
					"@executable_path/../Frameworks",
				);
				MARKETING_VERSION = 0.3.2;
				OTHER_LDFLAGS = (
					"-framework",
					SafariServices,
					"-framework",
					WebKit,
				);
				PRODUCT_BUNDLE_IDENTIFIER = "com.epistates.MCPSafari";
				PRODUCT_NAME = "$(TARGET_NAME)";
				REGISTER_APP_GROUPS = YES;
				STRING_CATALOG_GENERATE_SYMBOLS = YES;
				SWIFT_APPROACHABLE_CONCURRENCY = YES;
				SWIFT_DEFAULT_ACTOR_ISOLATION = MainActor;
				SWIFT_EMIT_LOC_STRINGS = YES;
				SWIFT_UPCOMING_FEATURE_MEMBER_IMPORT_VISIBILITY = YES;
				SWIFT_VERSION = 6.0;
			};
			name = Debug;
		};
		9DC62F192F717081006535B1 /* Release */ = {
			isa = XCBuildConfiguration;
			buildSettings = {
				ENABLE_USER_SCRIPT_SANDBOXING = NO;
				ASSETCATALOG_COMPILER_APPICON_NAME = AppIcon;
				ASSETCATALOG_COMPILER_GLOBAL_ACCENT_COLOR_NAME = AccentColor;
				CODE_SIGN_STYLE = Automatic;
				COMBINE_HIDPI_IMAGES = YES;
				CURRENT_PROJECT_VERSION = 31;
				DEVELOPMENT_TEAM = 3G4T4PCPZJ;
				ENABLE_APP_SANDBOX = YES;
				ENABLE_HARDENED_RUNTIME = YES;
				ENABLE_OUTGOING_NETWORK_CONNECTIONS = YES;
				ENABLE_USER_SELECTED_FILES = readonly;
				GENERATE_INFOPLIST_FILE = YES;
				INFOPLIST_KEY_CFBundleDisplayName = "MCPSafari";
				INFOPLIST_KEY_NSHumanReadableCopyright = "";
				INFOPLIST_KEY_NSMainStoryboardFile = Main;
				INFOPLIST_KEY_NSPrincipalClass = NSApplication;
				LD_RUNPATH_SEARCH_PATHS = (
					"$(inherited)",
					"@executable_path/../Frameworks",
				);
				MARKETING_VERSION = 0.3.2;
				OTHER_LDFLAGS = (
					"-framework",
					SafariServices,
					"-framework",
					WebKit,
				);
				PRODUCT_BUNDLE_IDENTIFIER = "com.epistates.MCPSafari";
				PRODUCT_NAME = "$(TARGET_NAME)";
				REGISTER_APP_GROUPS = YES;
				STRING_CATALOG_GENERATE_SYMBOLS = YES;
				SWIFT_APPROACHABLE_CONCURRENCY = YES;
				SWIFT_DEFAULT_ACTOR_ISOLATION = MainActor;
				SWIFT_EMIT_LOC_STRINGS = YES;
				SWIFT_UPCOMING_FEATURE_MEMBER_IMPORT_VISIBILITY = YES;
				SWIFT_VERSION = 6.0;
			};
			name = Release;
		};
		9DC62F1B2F717081006535B1 /* Debug */ = {
			isa = XCBuildConfiguration;
			buildSettings = {
				BUNDLE_LOADER = "$(TEST_HOST)";
				CODE_SIGN_STYLE = Automatic;
				CURRENT_PROJECT_VERSION = 31;
				DEVELOPMENT_TEAM = 3G4T4PCPZJ;
				GENERATE_INFOPLIST_FILE = YES;
				MACOSX_DEPLOYMENT_TARGET = 14.0;
				MARKETING_VERSION = 0.3.2;
				PRODUCT_BUNDLE_IDENTIFIER = "com.epistates.MCPSafariTests";
				PRODUCT_NAME = "$(TARGET_NAME)";
				STRING_CATALOG_GENERATE_SYMBOLS = NO;
				SWIFT_APPROACHABLE_CONCURRENCY = YES;
				SWIFT_EMIT_LOC_STRINGS = NO;
				SWIFT_UPCOMING_FEATURE_MEMBER_IMPORT_VISIBILITY = YES;
				SWIFT_VERSION = 6.0;
				TEST_HOST = "$(BUILT_PRODUCTS_DIR)/MCPSafari.app/$(BUNDLE_EXECUTABLE_FOLDER_PATH)/MCPSafari";
			};
			name = Debug;
		};
		9DC62F1C2F717081006535B1 /* Release */ = {
			isa = XCBuildConfiguration;
			buildSettings = {
				BUNDLE_LOADER = "$(TEST_HOST)";
				CODE_SIGN_STYLE = Automatic;
				CURRENT_PROJECT_VERSION = 31;
				DEVELOPMENT_TEAM = 3G4T4PCPZJ;
				GENERATE_INFOPLIST_FILE = YES;
				MACOSX_DEPLOYMENT_TARGET = 14.0;
				MARKETING_VERSION = 0.3.2;
				PRODUCT_BUNDLE_IDENTIFIER = "com.epistates.MCPSafariTests";
				PRODUCT_NAME = "$(TARGET_NAME)";
				STRING_CATALOG_GENERATE_SYMBOLS = NO;
				SWIFT_APPROACHABLE_CONCURRENCY = YES;
				SWIFT_EMIT_LOC_STRINGS = NO;
				SWIFT_UPCOMING_FEATURE_MEMBER_IMPORT_VISIBILITY = YES;
				SWIFT_VERSION = 6.0;
				TEST_HOST = "$(BUILT_PRODUCTS_DIR)/MCPSafari.app/$(BUNDLE_EXECUTABLE_FOLDER_PATH)/MCPSafari";
			};
			name = Release;
		};
		9DC62F1E2F717081006535B1 /* Debug */ = {
			isa = XCBuildConfiguration;
			buildSettings = {
				CODE_SIGN_STYLE = Automatic;
				CURRENT_PROJECT_VERSION = 31;
				DEVELOPMENT_TEAM = 3G4T4PCPZJ;
				GENERATE_INFOPLIST_FILE = YES;
				MARKETING_VERSION = 0.3.2;
				PRODUCT_BUNDLE_IDENTIFIER = "com.epistates.MCPSafariUITests";
				PRODUCT_NAME = "$(TARGET_NAME)";
				STRING_CATALOG_GENERATE_SYMBOLS = NO;
				SWIFT_APPROACHABLE_CONCURRENCY = YES;
				SWIFT_EMIT_LOC_STRINGS = NO;
				SWIFT_UPCOMING_FEATURE_MEMBER_IMPORT_VISIBILITY = YES;
				SWIFT_VERSION = 6.0;
				TEST_TARGET_NAME = "MCPSafari";
			};
			name = Debug;
		};
		9DC62F1F2F717081006535B1 /* Release */ = {
			isa = XCBuildConfiguration;
			buildSettings = {
				CODE_SIGN_STYLE = Automatic;
				CURRENT_PROJECT_VERSION = 31;
				DEVELOPMENT_TEAM = 3G4T4PCPZJ;
				GENERATE_INFOPLIST_FILE = YES;
				MARKETING_VERSION = 0.3.2;
				PRODUCT_BUNDLE_IDENTIFIER = "com.epistates.MCPSafariUITests";
				PRODUCT_NAME = "$(TARGET_NAME)";
				STRING_CATALOG_GENERATE_SYMBOLS = NO;
				SWIFT_APPROACHABLE_CONCURRENCY = YES;
				SWIFT_EMIT_LOC_STRINGS = NO;
				SWIFT_UPCOMING_FEATURE_MEMBER_IMPORT_VISIBILITY = YES;
				SWIFT_VERSION = 6.0;
				TEST_TARGET_NAME = "MCPSafari";
			};
			name = Release;
		};
/* End XCBuildConfiguration section */

/* Begin XCConfigurationList section */
		9DC62EC22F717081006535B1 /* Build configuration list for PBXProject "MCPSafari" */ = {
			isa = XCConfigurationList;
			buildConfigurations = (
				9DC62F142F717081006535B1 /* Debug */,
				9DC62F152F717081006535B1 /* Release */,
			);
			defaultConfigurationIsVisible = 0;
			defaultConfigurationName = Release;
		};
		9DC62F112F717081006535B1 /* Build configuration list for PBXNativeTarget "MCPSafari Extension" */ = {
			isa = XCConfigurationList;
			buildConfigurations = (
				9DC62F122F717081006535B1 /* Debug */,
				9DC62F132F717081006535B1 /* Release */,
			);
			defaultConfigurationIsVisible = 0;
			defaultConfigurationName = Release;
		};
		9DC62F172F717081006535B1 /* Build configuration list for PBXNativeTarget "MCPSafari" */ = {
			isa = XCConfigurationList;
			buildConfigurations = (
				9DC62F182F717081006535B1 /* Debug */,
				9DC62F192F717081006535B1 /* Release */,
			);
			defaultConfigurationIsVisible = 0;
			defaultConfigurationName = Release;
		};
		9DC62F1A2F717081006535B1 /* Build configuration list for PBXNativeTarget "MCPSafariTests" */ = {
			isa = XCConfigurationList;
			buildConfigurations = (
				9DC62F1B2F717081006535B1 /* Debug */,
				9DC62F1C2F717081006535B1 /* Release */,
			);
			defaultConfigurationIsVisible = 0;
			defaultConfigurationName = Release;
		};
		9DC62F1D2F717081006535B1 /* Build configuration list for PBXNativeTarget "MCPSafariUITests" */ = {
			isa = XCConfigurationList;
			buildConfigurations = (
				9DC62F1E2F717081006535B1 /* Debug */,
				9DC62F1F2F717081006535B1 /* Release */,
			);
			defaultConfigurationIsVisible = 0;
			defaultConfigurationName = Release;
		};
/* End XCConfigurationList section */
	};
	rootObject = 9DC62EBF2F717081006535B1 /* Project object */;
}
